
Microsoft Visual Studio Solution File, Format Version 12.00
# Visual Studio Version 16
VisualStudioVersion = 16.0.31613.86
MinimumVisualStudioVersion = 10.0.40219.1
Project("{F2A71F9B-5D33-465A-A702-920D77279786}") = "Cap4.FSharp", "Cap4.FSharp\Cap4.FSharp.fsproj", "{2E048195-67F9-42BA-9E89-0D8F4383B43B}"
EndProject
Global
	GlobalSection(SolutionConfigurationPlatforms) = preSolution
		Debug|Any CPU = Debug|Any CPU
		Release|Any CPU = Release|Any CPU
	EndGlobalSection
	GlobalSection(ProjectConfigurationPlatforms) = postSolution
		{2E048195-67F9-42BA-9E89-0D8F4383B43B}.Debug|Any CPU.ActiveCfg = Debug|Any CPU
		{2E048195-67F9-42BA-9E89-0D8F4383B43B}.Debug|Any CPU.Build.0 = Debug|Any CPU
		{2E048195-67F9-42BA-9E89-0D8F4383B43B}.Release|Any CPU.ActiveCfg = Release|Any CPU
		{2E048195-67F9-42BA-9E89-0D8F4383B43B}.Release|Any CPU.Build.0 = Release|Any CPU
	EndGlobalSection
	GlobalSection(SolutionProperties) = preSolution
		HideSolutionNode = FALSE
	EndGlobalSection
	GlobalSection(ExtensibilityGlobals) = postSolution
		SolutionGuid = {E4D87BA8-A292-43EA-8AFA-A70BD353C698}
	EndGlobalSection
EndGlobal
